
Microsoft Visual Studio Solution File, Format Version 12.00
# Visual Studio Version 17
VisualStudioVersion = 17.3.32825.248
MinimumVisualStudioVersion = 10.0.40219.1
Project("{9A19103F-16F7-4668-BE54-9A1E7A4F7556}") = "Browser.Base.Framework", "Browser.Base.Framework\Browser.Base.Framework.csproj", "{D5F57557-382C-4688-93C4-8A0C2995E23F}"
EndProject
Project("{9A19103F-16F7-4668-BE54-9A1E7A4F7556}") = "LMS.UITest", "LMS_Sandbox\LMS.UITest.csproj", "{8342B390-559F-4EF7-89F0-B58E65743D50}"
EndProject
Project("{9A19103F-16F7-4668-BE54-9A1E7A4F7556}") = "LMS.AppFramework", "LMS_Sandbox.AppFramework\LMS.AppFramework.csproj", "{D99CE4A6-2C9F-40F4-B3B1-B553D53BAE86}"
EndProject
Project("{9A19103F-16F7-4668-BE54-9A1E7A4F7556}") = "LMS.Data", "LMS_Sandbox.Data\LMS.Data.csproj", "{078BDC03-32C3-4981-90B6-0FD902579294}"
EndProject
Project("{9A19103F-16F7-4668-BE54-9A1E7A4F7556}") = "Wikipedia.AppFramework", "Wikipedia.AppFramework\Wikipedia.AppFramework.csproj", "{32171605-28D7-4A1D-8E95-0A308263B084}"
EndProject
Project("{2150E333-8FDC-42A3-9474-1A3956D46DE8}") = "LMS", "LMS", "{86FFB663-128E-48D0-8E34-EF31C52E453B}"
EndProject
Project("{2150E333-8FDC-42A3-9474-1A3956D46DE8}") = "Wikipedia", "Wikipedia", "{32785B60-C32B-4759-8373-9F582D8F1910}"
EndProject
Project("{9A19103F-16F7-4668-BE54-9A1E7A4F7556}") = "Wikipedia.UITest", "Wikipedia.UITest\Wikipedia.UITest.csproj", "{0CA3E375-6A8F-4445-AAD2-4A7235EA1263}"
EndProject
Project("{9A19103F-16F7-4668-BE54-9A1E7A4F7556}") = "LS.AppFramework", "LS_Sandbox.AppFramework\LS.AppFramework.csproj", "{6F862ACE-B09A-4670-BE6A-3789DB10E6BA}"
EndProject
Project("{2150E333-8FDC-42A3-9474-1A3956D46DE8}") = "LS", "LS", "{590E989D-589A-4D20-87E1-9AF02553389E}"
EndProject
Project("{9A19103F-16F7-4668-BE54-9A1E7A4F7556}") = "LS.UITest", "LS_Sandbox.UITest\LS.UITest.csproj", "{58493A74-C2E8-4C95-BE58-B3FE5B472C24}"
EndProject
Project("{2150E333-8FDC-42A3-9474-1A3956D46DE8}") = "Mainpro", "Mainpro", "{262CFBAE-F34E-4EB3-8230-E1B330871000}"
EndProject
Project("{9A19103F-16F7-4668-BE54-9A1E7A4F7556}") = "Mainpro.UITest", "Mainpro.UITest\Mainpro.UITest.csproj", "{0CDFA6E0-4D6D-42AB-870D-71AAEE199CA6}"
EndProject
Project("{9A19103F-16F7-4668-BE54-9A1E7A4F7556}") = "Mainpro.AppFramework", "Mainpro.AppFramework\Mainpro.AppFramework.csproj", "{21632F4E-F213-48B0-A65B-0C8D4656FCA3}"
EndProject
Project("{2150E333-8FDC-42A3-9474-1A3956D46DE8}") = "LMSAdmin", "LMSAdmin", "{6E9858FE-8C7D-4AC5-96ED-15DB33063DDB}"
EndProject
Project("{9A19103F-16F7-4668-BE54-9A1E7A4F7556}") = "LMSAdmin.UITest", "LMSAdmin.UITest\LMSAdmin.UITest.csproj", "{4F775DD8-72C9-482B-BC63-5D9329F2939E}"
EndProject
Project("{9A19103F-16F7-4668-BE54-9A1E7A4F7556}") = "LMSAdmin.AppFramework", "LMSAdmin.AppFramework\LMSAdmin.AppFramework.csproj", "{00B0C447-9CDA-40A1-95BF-6D31AACC5055}"
EndProject
Global
	GlobalSection(SolutionConfigurationPlatforms) = preSolution
		AT|Any CPU = AT|Any CPU
		azurefinal|Any CPU = azurefinal|Any CPU
		azureworking|Any CPU = azureworking|Any CPU
		CFPCUAT|Any CPU = CFPCUAT|Any CPU
		Debug|Any CPU = Debug|Any CPU
		DEV|Any CPU = DEV|Any CPU
		HOTFIX|Any CPU = HOTFIX|Any CPU
		NewUAT|Any CPU = NewUAT|Any CPU
		Perf|Any CPU = Perf|Any CPU
		Prod|Any CPU = Prod|Any CPU
		ProdWorking|Any CPU = ProdWorking|Any CPU
		QA|Any CPU = QA|Any CPU
		Release|Any CPU = Release|Any CPU
		TA|Any CPU = TA|Any CPU
		UAT|Any CPU = UAT|Any CPU
		UATWorking|Any CPU = UATWorking|Any CPU
		UPDATE|Any CPU = UPDATE|Any CPU
	EndGlobalSection
	GlobalSection(ProjectConfigurationPlatforms) = postSolution
		{D5F57557-382C-4688-93C4-8A0C2995E23F}.AT|Any CPU.ActiveCfg = AT|Any CPU
		{D5F57557-382C-4688-93C4-8A0C2995E23F}.AT|Any CPU.Build.0 = AT|Any CPU
		{D5F57557-382C-4688-93C4-8A0C2995E23F}.azurefinal|Any CPU.ActiveCfg = azurefinal|Any CPU
		{D5F57557-382C-4688-93C4-8A0C2995E23F}.azurefinal|Any CPU.Build.0 = azurefinal|Any CPU
		{D5F57557-382C-4688-93C4-8A0C2995E23F}.azureworking|Any CPU.ActiveCfg = azureworking|Any CPU
		{D5F57557-382C-4688-93C4-8A0C2995E23F}.azureworking|Any CPU.Build.0 = azureworking|Any CPU
		{D5F57557-382C-4688-93C4-8A0C2995E23F}.CFPCUAT|Any CPU.ActiveCfg = CFPCUAT|Any CPU
		{D5F57557-382C-4688-93C4-8A0C2995E23F}.CFPCUAT|Any CPU.Build.0 = CFPCUAT|Any CPU
		{D5F57557-382C-4688-93C4-8A0C2995E23F}.Debug|Any CPU.ActiveCfg = Debug|Any CPU
		{D5F57557-382C-4688-93C4-8A0C2995E23F}.Debug|Any CPU.Build.0 = Debug|Any CPU
		{D5F57557-382C-4688-93C4-8A0C2995E23F}.DEV|Any CPU.ActiveCfg = DEV|Any CPU
		{D5F57557-382C-4688-93C4-8A0C2995E23F}.DEV|Any CPU.Build.0 = DEV|Any CPU
		{D5F57557-382C-4688-93C4-8A0C2995E23F}.HOTFIX|Any CPU.ActiveCfg = TA|Any CPU
		{D5F57557-382C-4688-93C4-8A0C2995E23F}.HOTFIX|Any CPU.Build.0 = TA|Any CPU
		{D5F57557-382C-4688-93C4-8A0C2995E23F}.NewUAT|Any CPU.ActiveCfg = UAT|Any CPU
		{D5F57557-382C-4688-93C4-8A0C2995E23F}.NewUAT|Any CPU.Build.0 = UAT|Any CPU
		{D5F57557-382C-4688-93C4-8A0C2995E23F}.Perf|Any CPU.ActiveCfg = Perf|Any CPU
		{D5F57557-382C-4688-93C4-8A0C2995E23F}.Perf|Any CPU.Build.0 = Perf|Any CPU
		{D5F57557-382C-4688-93C4-8A0C2995E23F}.Prod|Any CPU.ActiveCfg = Prod|Any CPU
		{D5F57557-382C-4688-93C4-8A0C2995E23F}.Prod|Any CPU.Build.0 = Prod|Any CPU
		{D5F57557-382C-4688-93C4-8A0C2995E23F}.ProdWorking|Any CPU.ActiveCfg = ProdWorking|Any CPU
		{D5F57557-382C-4688-93C4-8A0C2995E23F}.ProdWorking|Any CPU.Build.0 = ProdWorking|Any CPU
		{D5F57557-382C-4688-93C4-8A0C2995E23F}.QA|Any CPU.ActiveCfg = QA|Any CPU
		{D5F57557-382C-4688-93C4-8A0C2995E23F}.QA|Any CPU.Build.0 = QA|Any CPU
		{D5F57557-382C-4688-93C4-8A0C2995E23F}.Release|Any CPU.ActiveCfg = Release|Any CPU
		{D5F57557-382C-4688-93C4-8A0C2995E23F}.Release|Any CPU.Build.0 = Release|Any CPU
		{D5F57557-382C-4688-93C4-8A0C2995E23F}.TA|Any CPU.ActiveCfg = TA|Any CPU
		{D5F57557-382C-4688-93C4-8A0C2995E23F}.TA|Any CPU.Build.0 = TA|Any CPU
		{D5F57557-382C-4688-93C4-8A0C2995E23F}.UAT|Any CPU.ActiveCfg = UAT|Any CPU
		{D5F57557-382C-4688-93C4-8A0C2995E23F}.UAT|Any CPU.Build.0 = UAT|Any CPU
		{D5F57557-382C-4688-93C4-8A0C2995E23F}.UATWorking|Any CPU.ActiveCfg = UAT|Any CPU
		{D5F57557-382C-4688-93C4-8A0C2995E23F}.UATWorking|Any CPU.Build.0 = UAT|Any CPU
		{D5F57557-382C-4688-93C4-8A0C2995E23F}.UPDATE|Any CPU.ActiveCfg = UAT|Any CPU
		{D5F57557-382C-4688-93C4-8A0C2995E23F}.UPDATE|Any CPU.Build.0 = UAT|Any CPU
		{8342B390-559F-4EF7-89F0-B58E65743D50}.AT|Any CPU.ActiveCfg = AT|Any CPU
		{8342B390-559F-4EF7-89F0-B58E65743D50}.AT|Any CPU.Build.0 = AT|Any CPU
		{8342B390-559F-4EF7-89F0-B58E65743D50}.azurefinal|Any CPU.ActiveCfg = azurefinal|Any CPU
		{8342B390-559F-4EF7-89F0-B58E65743D50}.azurefinal|Any CPU.Build.0 = azurefinal|Any CPU
		{8342B390-559F-4EF7-89F0-B58E65743D50}.azureworking|Any CPU.ActiveCfg = azureworking|Any CPU
		{8342B390-559F-4EF7-89F0-B58E65743D50}.azureworking|Any CPU.Build.0 = azureworking|Any CPU
		{8342B390-559F-4EF7-89F0-B58E65743D50}.CFPCUAT|Any CPU.ActiveCfg = CFPCUAT|Any CPU
		{8342B390-559F-4EF7-89F0-B58E65743D50}.CFPCUAT|Any CPU.Build.0 = CFPCUAT|Any CPU
		{8342B390-559F-4EF7-89F0-B58E65743D50}.Debug|Any CPU.ActiveCfg = Debug|Any CPU
		{8342B390-559F-4EF7-89F0-B58E65743D50}.Debug|Any CPU.Build.0 = Debug|Any CPU
		{8342B390-559F-4EF7-89F0-B58E65743D50}.DEV|Any CPU.ActiveCfg = DEV|Any CPU
		{8342B390-559F-4EF7-89F0-B58E65743D50}.DEV|Any CPU.Build.0 = DEV|Any CPU
		{8342B390-559F-4EF7-89F0-B58E65743D50}.HOTFIX|Any CPU.ActiveCfg = TA|Any CPU
		{8342B390-559F-4EF7-89F0-B58E65743D50}.HOTFIX|Any CPU.Build.0 = TA|Any CPU
		{8342B390-559F-4EF7-89F0-B58E65743D50}.NewUAT|Any CPU.ActiveCfg = UAT|Any CPU
		{8342B390-559F-4EF7-89F0-B58E65743D50}.NewUAT|Any CPU.Build.0 = UAT|Any CPU
		{8342B390-559F-4EF7-89F0-B58E65743D50}.Perf|Any CPU.ActiveCfg = Perf|Any CPU
		{8342B390-559F-4EF7-89F0-B58E65743D50}.Perf|Any CPU.Build.0 = Perf|Any CPU
		{8342B390-559F-4EF7-89F0-B58E65743D50}.Prod|Any CPU.ActiveCfg = Prod|Any CPU
		{8342B390-559F-4EF7-89F0-B58E65743D50}.Prod|Any CPU.Build.0 = Prod|Any CPU
		{8342B390-559F-4EF7-89F0-B58E65743D50}.ProdWorking|Any CPU.ActiveCfg = ProdWorking|Any CPU
		{8342B390-559F-4EF7-89F0-B58E65743D50}.ProdWorking|Any CPU.Build.0 = ProdWorking|Any CPU
		{8342B390-559F-4EF7-89F0-B58E65743D50}.QA|Any CPU.ActiveCfg = QA|Any CPU
		{8342B390-559F-4EF7-89F0-B58E65743D50}.QA|Any CPU.Build.0 = QA|Any CPU
		{8342B390-559F-4EF7-89F0-B58E65743D50}.Release|Any CPU.ActiveCfg = Release|Any CPU
		{8342B390-559F-4EF7-89F0-B58E65743D50}.Release|Any CPU.Build.0 = Release|Any CPU
		{8342B390-559F-4EF7-89F0-B58E65743D50}.TA|Any CPU.ActiveCfg = TA|Any CPU
		{8342B390-559F-4EF7-89F0-B58E65743D50}.TA|Any CPU.Build.0 = TA|Any CPU
		{8342B390-559F-4EF7-89F0-B58E65743D50}.UAT|Any CPU.ActiveCfg = UAT|Any CPU
		{8342B390-559F-4EF7-89F0-B58E65743D50}.UAT|Any CPU.Build.0 = UAT|Any CPU
		{8342B390-559F-4EF7-89F0-B58E65743D50}.UATWorking|Any CPU.ActiveCfg = UAT|Any CPU
		{8342B390-559F-4EF7-89F0-B58E65743D50}.UATWorking|Any CPU.Build.0 = UAT|Any CPU
		{8342B390-559F-4EF7-89F0-B58E65743D50}.UPDATE|Any CPU.ActiveCfg = UAT|Any CPU
		{8342B390-559F-4EF7-89F0-B58E65743D50}.UPDATE|Any CPU.Build.0 = UAT|Any CPU
		{D99CE4A6-2C9F-40F4-B3B1-B553D53BAE86}.AT|Any CPU.ActiveCfg = AT|Any CPU
		{D99CE4A6-2C9F-40F4-B3B1-B553D53BAE86}.AT|Any CPU.Build.0 = AT|Any CPU
		{D99CE4A6-2C9F-40F4-B3B1-B553D53BAE86}.azurefinal|Any CPU.ActiveCfg = UAT|Any CPU
		{D99CE4A6-2C9F-40F4-B3B1-B553D53BAE86}.azurefinal|Any CPU.Build.0 = UAT|Any CPU
		{D99CE4A6-2C9F-40F4-B3B1-B553D53BAE86}.azureworking|Any CPU.ActiveCfg = UAT|Any CPU
		{D99CE4A6-2C9F-40F4-B3B1-B553D53BAE86}.azureworking|Any CPU.Build.0 = UAT|Any CPU
		{D99CE4A6-2C9F-40F4-B3B1-B553D53BAE86}.CFPCUAT|Any CPU.ActiveCfg = CFPCUAT|Any CPU
		{D99CE4A6-2C9F-40F4-B3B1-B553D53BAE86}.CFPCUAT|Any CPU.Build.0 = CFPCUAT|Any CPU
		{D99CE4A6-2C9F-40F4-B3B1-B553D53BAE86}.Debug|Any CPU.ActiveCfg = Debug|Any CPU
		{D99CE4A6-2C9F-40F4-B3B1-B553D53BAE86}.Debug|Any CPU.Build.0 = Debug|Any CPU
		{D99CE4A6-2C9F-40F4-B3B1-B553D53BAE86}.DEV|Any CPU.ActiveCfg = DEV|Any CPU
		{D99CE4A6-2C9F-40F4-B3B1-B553D53BAE86}.DEV|Any CPU.Build.0 = DEV|Any CPU
		{D99CE4A6-2C9F-40F4-B3B1-B553D53BAE86}.HOTFIX|Any CPU.ActiveCfg = TA|Any CPU
		{D99CE4A6-2C9F-40F4-B3B1-B553D53BAE86}.HOTFIX|Any CPU.Build.0 = TA|Any CPU
		{D99CE4A6-2C9F-40F4-B3B1-B553D53BAE86}.NewUAT|Any CPU.ActiveCfg = UAT|Any CPU
		{D99CE4A6-2C9F-40F4-B3B1-B553D53BAE86}.NewUAT|Any CPU.Build.0 = UAT|Any CPU
		{D99CE4A6-2C9F-40F4-B3B1-B553D53BAE86}.Perf|Any CPU.ActiveCfg = Perf|Any CPU
		{D99CE4A6-2C9F-40F4-B3B1-B553D53BAE86}.Perf|Any CPU.Build.0 = Perf|Any CPU
		{D99CE4A6-2C9F-40F4-B3B1-B553D53BAE86}.Prod|Any CPU.ActiveCfg = Prod|Any CPU
		{D99CE4A6-2C9F-40F4-B3B1-B553D53BAE86}.Prod|Any CPU.Build.0 = Prod|Any CPU
		{D99CE4A6-2C9F-40F4-B3B1-B553D53BAE86}.ProdWorking|Any CPU.ActiveCfg = Prod|Any CPU
		{D99CE4A6-2C9F-40F4-B3B1-B553D53BAE86}.ProdWorking|Any CPU.Build.0 = Prod|Any CPU
		{D99CE4A6-2C9F-40F4-B3B1-B553D53BAE86}.QA|Any CPU.ActiveCfg = QA|Any CPU
		{D99CE4A6-2C9F-40F4-B3B1-B553D53BAE86}.QA|Any CPU.Build.0 = QA|Any CPU
		{D99CE4A6-2C9F-40F4-B3B1-B553D53BAE86}.Release|Any CPU.ActiveCfg = Release|Any CPU
		{D99CE4A6-2C9F-40F4-B3B1-B553D53BAE86}.Release|Any CPU.Build.0 = Release|Any CPU
		{D99CE4A6-2C9F-40F4-B3B1-B553D53BAE86}.TA|Any CPU.ActiveCfg = TA|Any CPU
		{D99CE4A6-2C9F-40F4-B3B1-B553D53BAE86}.TA|Any CPU.Build.0 = TA|Any CPU
		{D99CE4A6-2C9F-40F4-B3B1-B553D53BAE86}.UAT|Any CPU.ActiveCfg = UAT|Any CPU
		{D99CE4A6-2C9F-40F4-B3B1-B553D53BAE86}.UAT|Any CPU.Build.0 = UAT|Any CPU
		{D99CE4A6-2C9F-40F4-B3B1-B553D53BAE86}.UATWorking|Any CPU.ActiveCfg = UAT|Any CPU
		{D99CE4A6-2C9F-40F4-B3B1-B553D53BAE86}.UATWorking|Any CPU.Build.0 = UAT|Any CPU
		{D99CE4A6-2C9F-40F4-B3B1-B553D53BAE86}.UPDATE|Any CPU.ActiveCfg = UAT|Any CPU
		{D99CE4A6-2C9F-40F4-B3B1-B553D53BAE86}.UPDATE|Any CPU.Build.0 = UAT|Any CPU
		{078BDC03-32C3-4981-90B6-0FD902579294}.AT|Any CPU.ActiveCfg = AT|Any CPU
		{078BDC03-32C3-4981-90B6-0FD902579294}.AT|Any CPU.Build.0 = AT|Any CPU
		{078BDC03-32C3-4981-90B6-0FD902579294}.azurefinal|Any CPU.ActiveCfg = QA|Any CPU
		{078BDC03-32C3-4981-90B6-0FD902579294}.azurefinal|Any CPU.Build.0 = QA|Any CPU
		{078BDC03-32C3-4981-90B6-0FD902579294}.azureworking|Any CPU.ActiveCfg = QA|Any CPU
		{078BDC03-32C3-4981-90B6-0FD902579294}.azureworking|Any CPU.Build.0 = QA|Any CPU
		{078BDC03-32C3-4981-90B6-0FD902579294}.CFPCUAT|Any CPU.ActiveCfg = CFPCUAT|Any CPU
		{078BDC03-32C3-4981-90B6-0FD902579294}.CFPCUAT|Any CPU.Build.0 = CFPCUAT|Any CPU
		{078BDC03-32C3-4981-90B6-0FD902579294}.Debug|Any CPU.ActiveCfg = Debug|Any CPU
		{078BDC03-32C3-4981-90B6-0FD902579294}.Debug|Any CPU.Build.0 = Debug|Any CPU
		{078BDC03-32C3-4981-90B6-0FD902579294}.DEV|Any CPU.ActiveCfg = DEV|Any CPU
		{078BDC03-32C3-4981-90B6-0FD902579294}.DEV|Any CPU.Build.0 = DEV|Any CPU
		{078BDC03-32C3-4981-90B6-0FD902579294}.HOTFIX|Any CPU.ActiveCfg = TA|Any CPU
		{078BDC03-32C3-4981-90B6-0FD902579294}.HOTFIX|Any CPU.Build.0 = TA|Any CPU
		{078BDC03-32C3-4981-90B6-0FD902579294}.NewUAT|Any CPU.ActiveCfg = UAT|Any CPU
		{078BDC03-32C3-4981-90B6-0FD902579294}.NewUAT|Any CPU.Build.0 = UAT|Any CPU
		{078BDC03-32C3-4981-90B6-0FD902579294}.Perf|Any CPU.ActiveCfg = Perf|Any CPU
		{078BDC03-32C3-4981-90B6-0FD902579294}.Perf|Any CPU.Build.0 = Perf|Any CPU
		{078BDC03-32C3-4981-90B6-0FD902579294}.Prod|Any CPU.ActiveCfg = Prod|Any CPU
		{078BDC03-32C3-4981-90B6-0FD902579294}.Prod|Any CPU.Build.0 = Prod|Any CPU
		{078BDC03-32C3-4981-90B6-0FD902579294}.ProdWorking|Any CPU.ActiveCfg = QA|Any CPU
		{078BDC03-32C3-4981-90B6-0FD902579294}.ProdWorking|Any CPU.Build.0 = QA|Any CPU
		{078BDC03-32C3-4981-90B6-0FD902579294}.QA|Any CPU.ActiveCfg = QA|Any CPU
		{078BDC03-32C3-4981-90B6-0FD902579294}.QA|Any CPU.Build.0 = QA|Any CPU
		{078BDC03-32C3-4981-90B6-0FD902579294}.Release|Any CPU.ActiveCfg = Release|Any CPU
		{078BDC03-32C3-4981-90B6-0FD902579294}.Release|Any CPU.Build.0 = Release|Any CPU
		{078BDC03-32C3-4981-90B6-0FD902579294}.TA|Any CPU.ActiveCfg = TA|Any CPU
		{078BDC03-32C3-4981-90B6-0FD902579294}.TA|Any CPU.Build.0 = TA|Any CPU
		{078BDC03-32C3-4981-90B6-0FD902579294}.UAT|Any CPU.ActiveCfg = UAT|Any CPU
		{078BDC03-32C3-4981-90B6-0FD902579294}.UAT|Any CPU.Build.0 = UAT|Any CPU
		{078BDC03-32C3-4981-90B6-0FD902579294}.UATWorking|Any CPU.ActiveCfg = QA|Any CPU
		{078BDC03-32C3-4981-90B6-0FD902579294}.UATWorking|Any CPU.Build.0 = QA|Any CPU
		{078BDC03-32C3-4981-90B6-0FD902579294}.UPDATE|Any CPU.ActiveCfg = UAT|Any CPU
		{078BDC03-32C3-4981-90B6-0FD902579294}.UPDATE|Any CPU.Build.0 = UAT|Any CPU
		{32171605-28D7-4A1D-8E95-0A308263B084}.AT|Any CPU.ActiveCfg = AT|Any CPU
		{32171605-28D7-4A1D-8E95-0A308263B084}.AT|Any CPU.Build.0 = AT|Any CPU
		{32171605-28D7-4A1D-8E95-0A308263B084}.azurefinal|Any CPU.ActiveCfg = UAT|Any CPU
		{32171605-28D7-4A1D-8E95-0A308263B084}.azurefinal|Any CPU.Build.0 = UAT|Any CPU
		{32171605-28D7-4A1D-8E95-0A308263B084}.azureworking|Any CPU.ActiveCfg = UAT|Any CPU
		{32171605-28D7-4A1D-8E95-0A308263B084}.azureworking|Any CPU.Build.0 = UAT|Any CPU
		{32171605-28D7-4A1D-8E95-0A308263B084}.CFPCUAT|Any CPU.ActiveCfg = CFPCUAT|Any CPU
		{32171605-28D7-4A1D-8E95-0A308263B084}.CFPCUAT|Any CPU.Build.0 = CFPCUAT|Any CPU
		{32171605-28D7-4A1D-8E95-0A308263B084}.Debug|Any CPU.ActiveCfg = Debug|Any CPU
		{32171605-28D7-4A1D-8E95-0A308263B084}.Debug|Any CPU.Build.0 = Debug|Any CPU
		{32171605-28D7-4A1D-8E95-0A308263B084}.DEV|Any CPU.ActiveCfg = DEV|Any CPU
		{32171605-28D7-4A1D-8E95-0A308263B084}.DEV|Any CPU.Build.0 = DEV|Any CPU
		{32171605-28D7-4A1D-8E95-0A308263B084}.HOTFIX|Any CPU.ActiveCfg = TA|Any CPU
		{32171605-28D7-4A1D-8E95-0A308263B084}.HOTFIX|Any CPU.Build.0 = TA|Any CPU
		{32171605-28D7-4A1D-8E95-0A308263B084}.NewUAT|Any CPU.ActiveCfg = UAT|Any CPU
		{32171605-28D7-4A1D-8E95-0A308263B084}.NewUAT|Any CPU.Build.0 = UAT|Any CPU
		{32171605-28D7-4A1D-8E95-0A308263B084}.Perf|Any CPU.ActiveCfg = Perf|Any CPU
		{32171605-28D7-4A1D-8E95-0A308263B084}.Perf|Any CPU.Build.0 = Perf|Any CPU
		{32171605-28D7-4A1D-8E95-0A308263B084}.Prod|Any CPU.ActiveCfg = Prod|Any CPU
		{32171605-28D7-4A1D-8E95-0A308263B084}.Prod|Any CPU.Build.0 = Prod|Any CPU
		{32171605-28D7-4A1D-8E95-0A308263B084}.ProdWorking|Any CPU.ActiveCfg = Prod|Any CPU
		{32171605-28D7-4A1D-8E95-0A308263B084}.ProdWorking|Any CPU.Build.0 = Prod|Any CPU
		{32171605-28D7-4A1D-8E95-0A308263B084}.QA|Any CPU.ActiveCfg = QA|Any CPU
		{32171605-28D7-4A1D-8E95-0A308263B084}.QA|Any CPU.Build.0 = QA|Any CPU
		{32171605-28D7-4A1D-8E95-0A308263B084}.Release|Any CPU.ActiveCfg = Release|Any CPU
		{32171605-28D7-4A1D-8E95-0A308263B084}.Release|Any CPU.Build.0 = Release|Any CPU
		{32171605-28D7-4A1D-8E95-0A308263B084}.TA|Any CPU.ActiveCfg = TA|Any CPU
		{32171605-28D7-4A1D-8E95-0A308263B084}.TA|Any CPU.Build.0 = TA|Any CPU
		{32171605-28D7-4A1D-8E95-0A308263B084}.UAT|Any CPU.ActiveCfg = UAT|Any CPU
		{32171605-28D7-4A1D-8E95-0A308263B084}.UAT|Any CPU.Build.0 = UAT|Any CPU
		{32171605-28D7-4A1D-8E95-0A308263B084}.UATWorking|Any CPU.ActiveCfg = UAT|Any CPU
		{32171605-28D7-4A1D-8E95-0A308263B084}.UATWorking|Any CPU.Build.0 = UAT|Any CPU
		{32171605-28D7-4A1D-8E95-0A308263B084}.UPDATE|Any CPU.ActiveCfg = UAT|Any CPU
		{32171605-28D7-4A1D-8E95-0A308263B084}.UPDATE|Any CPU.Build.0 = UAT|Any CPU
		{0CA3E375-6A8F-4445-AAD2-4A7235EA1263}.AT|Any CPU.ActiveCfg = AT|Any CPU
		{0CA3E375-6A8F-4445-AAD2-4A7235EA1263}.AT|Any CPU.Build.0 = AT|Any CPU
		{0CA3E375-6A8F-4445-AAD2-4A7235EA1263}.azurefinal|Any CPU.ActiveCfg = azurefinal|Any CPU
		{0CA3E375-6A8F-4445-AAD2-4A7235EA1263}.azurefinal|Any CPU.Build.0 = azurefinal|Any CPU
		{0CA3E375-6A8F-4445-AAD2-4A7235EA1263}.azureworking|Any CPU.ActiveCfg = azureworking|Any CPU
		{0CA3E375-6A8F-4445-AAD2-4A7235EA1263}.azureworking|Any CPU.Build.0 = azureworking|Any CPU
		{0CA3E375-6A8F-4445-AAD2-4A7235EA1263}.CFPCUAT|Any CPU.ActiveCfg = CFPCUAT|Any CPU
		{0CA3E375-6A8F-4445-AAD2-4A7235EA1263}.CFPCUAT|Any CPU.Build.0 = CFPCUAT|Any CPU
		{0CA3E375-6A8F-4445-AAD2-4A7235EA1263}.Debug|Any CPU.ActiveCfg = Debug|Any CPU
		{0CA3E375-6A8F-4445-AAD2-4A7235EA1263}.Debug|Any CPU.Build.0 = Debug|Any CPU
		{0CA3E375-6A8F-4445-AAD2-4A7235EA1263}.DEV|Any CPU.ActiveCfg = DEV|Any CPU
		{0CA3E375-6A8F-4445-AAD2-4A7235EA1263}.DEV|Any CPU.Build.0 = DEV|Any CPU
		{0CA3E375-6A8F-4445-AAD2-4A7235EA1263}.HOTFIX|Any CPU.ActiveCfg = TA|Any CPU
		{0CA3E375-6A8F-4445-AAD2-4A7235EA1263}.HOTFIX|Any CPU.Build.0 = TA|Any CPU
		{0CA3E375-6A8F-4445-AAD2-4A7235EA1263}.NewUAT|Any CPU.ActiveCfg = UAT|Any CPU
		{0CA3E375-6A8F-4445-AAD2-4A7235EA1263}.NewUAT|Any CPU.Build.0 = UAT|Any CPU
		{0CA3E375-6A8F-4445-AAD2-4A7235EA1263}.Perf|Any CPU.ActiveCfg = Perf|Any CPU
		{0CA3E375-6A8F-4445-AAD2-4A7235EA1263}.Perf|Any CPU.Build.0 = Perf|Any CPU
		{0CA3E375-6A8F-4445-AAD2-4A7235EA1263}.Prod|Any CPU.ActiveCfg = Prod|Any CPU
		{0CA3E375-6A8F-4445-AAD2-4A7235EA1263}.Prod|Any CPU.Build.0 = Prod|Any CPU
		{0CA3E375-6A8F-4445-AAD2-4A7235EA1263}.ProdWorking|Any CPU.ActiveCfg = ProdWorking|Any CPU
		{0CA3E375-6A8F-4445-AAD2-4A7235EA1263}.ProdWorking|Any CPU.Build.0 = ProdWorking|Any CPU
		{0CA3E375-6A8F-4445-AAD2-4A7235EA1263}.QA|Any CPU.ActiveCfg = QA|Any CPU
		{0CA3E375-6A8F-4445-AAD2-4A7235EA1263}.QA|Any CPU.Build.0 = QA|Any CPU
		{0CA3E375-6A8F-4445-AAD2-4A7235EA1263}.Release|Any CPU.ActiveCfg = Release|Any CPU
		{0CA3E375-6A8F-4445-AAD2-4A7235EA1263}.Release|Any CPU.Build.0 = Release|Any CPU
		{0CA3E375-6A8F-4445-AAD2-4A7235EA1263}.TA|Any CPU.ActiveCfg = TA|Any CPU
		{0CA3E375-6A8F-4445-AAD2-4A7235EA1263}.TA|Any CPU.Build.0 = TA|Any CPU
		{0CA3E375-6A8F-4445-AAD2-4A7235EA1263}.UAT|Any CPU.ActiveCfg = UAT|Any CPU
		{0CA3E375-6A8F-4445-AAD2-4A7235EA1263}.UAT|Any CPU.Build.0 = UAT|Any CPU
		{0CA3E375-6A8F-4445-AAD2-4A7235EA1263}.UATWorking|Any CPU.ActiveCfg = UAT|Any CPU
		{0CA3E375-6A8F-4445-AAD2-4A7235EA1263}.UATWorking|Any CPU.Build.0 = UAT|Any CPU
		{0CA3E375-6A8F-4445-AAD2-4A7235EA1263}.UPDATE|Any CPU.ActiveCfg = UAT|Any CPU
		{0CA3E375-6A8F-4445-AAD2-4A7235EA1263}.UPDATE|Any CPU.Build.0 = UAT|Any CPU
		{6F862ACE-B09A-4670-BE6A-3789DB10E6BA}.AT|Any CPU.ActiveCfg = AT|Any CPU
		{6F862ACE-B09A-4670-BE6A-3789DB10E6BA}.AT|Any CPU.Build.0 = AT|Any CPU
		{6F862ACE-B09A-4670-BE6A-3789DB10E6BA}.azurefinal|Any CPU.ActiveCfg = UAT|Any CPU
		{6F862ACE-B09A-4670-BE6A-3789DB10E6BA}.azurefinal|Any CPU.Build.0 = UAT|Any CPU
		{6F862ACE-B09A-4670-BE6A-3789DB10E6BA}.azureworking|Any CPU.ActiveCfg = UAT|Any CPU
		{6F862ACE-B09A-4670-BE6A-3789DB10E6BA}.azureworking|Any CPU.Build.0 = UAT|Any CPU
		{6F862ACE-B09A-4670-BE6A-3789DB10E6BA}.CFPCUAT|Any CPU.ActiveCfg = CFPCUAT|Any CPU
		{6F862ACE-B09A-4670-BE6A-3789DB10E6BA}.CFPCUAT|Any CPU.Build.0 = CFPCUAT|Any CPU
		{6F862ACE-B09A-4670-BE6A-3789DB10E6BA}.Debug|Any CPU.ActiveCfg = Debug|Any CPU
		{6F862ACE-B09A-4670-BE6A-3789DB10E6BA}.Debug|Any CPU.Build.0 = Debug|Any CPU
		{6F862ACE-B09A-4670-BE6A-3789DB10E6BA}.DEV|Any CPU.ActiveCfg = DEV|Any CPU
		{6F862ACE-B09A-4670-BE6A-3789DB10E6BA}.DEV|Any CPU.Build.0 = DEV|Any CPU
		{6F862ACE-B09A-4670-BE6A-3789DB10E6BA}.HOTFIX|Any CPU.ActiveCfg = TA|Any CPU
		{6F862ACE-B09A-4670-BE6A-3789DB10E6BA}.HOTFIX|Any CPU.Build.0 = TA|Any CPU
		{6F862ACE-B09A-4670-BE6A-3789DB10E6BA}.NewUAT|Any CPU.ActiveCfg = UAT|Any CPU
		{6F862ACE-B09A-4670-BE6A-3789DB10E6BA}.NewUAT|Any CPU.Build.0 = UAT|Any CPU
		{6F862ACE-B09A-4670-BE6A-3789DB10E6BA}.Perf|Any CPU.ActiveCfg = Perf|Any CPU
		{6F862ACE-B09A-4670-BE6A-3789DB10E6BA}.Perf|Any CPU.Build.0 = Perf|Any CPU
		{6F862ACE-B09A-4670-BE6A-3789DB10E6BA}.Prod|Any CPU.ActiveCfg = Prod|Any CPU
		{6F862ACE-B09A-4670-BE6A-3789DB10E6BA}.Prod|Any CPU.Build.0 = Prod|Any CPU
		{6F862ACE-B09A-4670-BE6A-3789DB10E6BA}.ProdWorking|Any CPU.ActiveCfg = UAT|Any CPU
		{6F862ACE-B09A-4670-BE6A-3789DB10E6BA}.ProdWorking|Any CPU.Build.0 = UAT|Any CPU
		{6F862ACE-B09A-4670-BE6A-3789DB10E6BA}.QA|Any CPU.ActiveCfg = QA|Any CPU
		{6F862ACE-B09A-4670-BE6A-3789DB10E6BA}.QA|Any CPU.Build.0 = QA|Any CPU
		{6F862ACE-B09A-4670-BE6A-3789DB10E6BA}.Release|Any CPU.ActiveCfg = Release|Any CPU
		{6F862ACE-B09A-4670-BE6A-3789DB10E6BA}.Release|Any CPU.Build.0 = Release|Any CPU
		{6F862ACE-B09A-4670-BE6A-3789DB10E6BA}.TA|Any CPU.ActiveCfg = TA|Any CPU
		{6F862ACE-B09A-4670-BE6A-3789DB10E6BA}.TA|Any CPU.Build.0 = TA|Any CPU
		{6F862ACE-B09A-4670-BE6A-3789DB10E6BA}.UAT|Any CPU.ActiveCfg = UAT|Any CPU
		{6F862ACE-B09A-4670-BE6A-3789DB10E6BA}.UAT|Any CPU.Build.0 = UAT|Any CPU
		{6F862ACE-B09A-4670-BE6A-3789DB10E6BA}.UATWorking|Any CPU.ActiveCfg = UAT|Any CPU
		{6F862ACE-B09A-4670-BE6A-3789DB10E6BA}.UATWorking|Any CPU.Build.0 = UAT|Any CPU
		{6F862ACE-B09A-4670-BE6A-3789DB10E6BA}.UPDATE|Any CPU.ActiveCfg = UAT|Any CPU
		{6F862ACE-B09A-4670-BE6A-3789DB10E6BA}.UPDATE|Any CPU.Build.0 = UAT|Any CPU
		{58493A74-C2E8-4C95-BE58-B3FE5B472C24}.AT|Any CPU.ActiveCfg = UAT|Any CPU
		{58493A74-C2E8-4C95-BE58-B3FE5B472C24}.AT|Any CPU.Build.0 = UAT|Any CPU
		{58493A74-C2E8-4C95-BE58-B3FE5B472C24}.azurefinal|Any CPU.ActiveCfg = UAT|Any CPU
		{58493A74-C2E8-4C95-BE58-B3FE5B472C24}.azurefinal|Any CPU.Build.0 = UAT|Any CPU
		{58493A74-C2E8-4C95-BE58-B3FE5B472C24}.azureworking|Any CPU.ActiveCfg = UAT|Any CPU
		{58493A74-C2E8-4C95-BE58-B3FE5B472C24}.azureworking|Any CPU.Build.0 = UAT|Any CPU
		{58493A74-C2E8-4C95-BE58-B3FE5B472C24}.CFPCUAT|Any CPU.ActiveCfg = UAT|Any CPU
		{58493A74-C2E8-4C95-BE58-B3FE5B472C24}.CFPCUAT|Any CPU.Build.0 = UAT|Any CPU
		{58493A74-C2E8-4C95-BE58-B3FE5B472C24}.Debug|Any CPU.ActiveCfg = Debug|Any CPU
		{58493A74-C2E8-4C95-BE58-B3FE5B472C24}.Debug|Any CPU.Build.0 = Debug|Any CPU
		{58493A74-C2E8-4C95-BE58-B3FE5B472C24}.DEV|Any CPU.ActiveCfg = Debug|Any CPU
		{58493A74-C2E8-4C95-BE58-B3FE5B472C24}.DEV|Any CPU.Build.0 = Debug|Any CPU
		{58493A74-C2E8-4C95-BE58-B3FE5B472C24}.HOTFIX|Any CPU.ActiveCfg = QA|Any CPU
		{58493A74-C2E8-4C95-BE58-B3FE5B472C24}.HOTFIX|Any CPU.Build.0 = QA|Any CPU
		{58493A74-C2E8-4C95-BE58-B3FE5B472C24}.NewUAT|Any CPU.ActiveCfg = UAT|Any CPU
		{58493A74-C2E8-4C95-BE58-B3FE5B472C24}.NewUAT|Any CPU.Build.0 = UAT|Any CPU
		{58493A74-C2E8-4C95-BE58-B3FE5B472C24}.Perf|Any CPU.ActiveCfg = Release|Any CPU
		{58493A74-C2E8-4C95-BE58-B3FE5B472C24}.Perf|Any CPU.Build.0 = Release|Any CPU
		{58493A74-C2E8-4C95-BE58-B3FE5B472C24}.Prod|Any CPU.ActiveCfg = Debug|Any CPU
		{58493A74-C2E8-4C95-BE58-B3FE5B472C24}.Prod|Any CPU.Build.0 = Debug|Any CPU
		{58493A74-C2E8-4C95-BE58-B3FE5B472C24}.ProdWorking|Any CPU.ActiveCfg = UAT|Any CPU
		{58493A74-C2E8-4C95-BE58-B3FE5B472C24}.ProdWorking|Any CPU.Build.0 = UAT|Any CPU
		{58493A74-C2E8-4C95-BE58-B3FE5B472C24}.QA|Any CPU.ActiveCfg = QA|Any CPU
		{58493A74-C2E8-4C95-BE58-B3FE5B472C24}.QA|Any CPU.Build.0 = QA|Any CPU
		{58493A74-C2E8-4C95-BE58-B3FE5B472C24}.Release|Any CPU.ActiveCfg = Release|Any CPU
		{58493A74-C2E8-4C95-BE58-B3FE5B472C24}.Release|Any CPU.Build.0 = Release|Any CPU
		{58493A74-C2E8-4C95-BE58-B3FE5B472C24}.TA|Any CPU.ActiveCfg = Release|Any CPU
		{58493A74-C2E8-4C95-BE58-B3FE5B472C24}.TA|Any CPU.Build.0 = Release|Any CPU
		{58493A74-C2E8-4C95-BE58-B3FE5B472C24}.UAT|Any CPU.ActiveCfg = UAT|Any CPU
		{58493A74-C2E8-4C95-BE58-B3FE5B472C24}.UAT|Any CPU.Build.0 = UAT|Any CPU
		{58493A74-C2E8-4C95-BE58-B3FE5B472C24}.UATWorking|Any CPU.ActiveCfg = UAT|Any CPU
		{58493A74-C2E8-4C95-BE58-B3FE5B472C24}.UATWorking|Any CPU.Build.0 = UAT|Any CPU
		{58493A74-C2E8-4C95-BE58-B3FE5B472C24}.UPDATE|Any CPU.ActiveCfg = UAT|Any CPU
		{58493A74-C2E8-4C95-BE58-B3FE5B472C24}.UPDATE|Any CPU.Build.0 = UAT|Any CPU
		{0CDFA6E0-4D6D-42AB-870D-71AAEE199CA6}.AT|Any CPU.ActiveCfg = UAT|Any CPU
		{0CDFA6E0-4D6D-42AB-870D-71AAEE199CA6}.AT|Any CPU.Build.0 = UAT|Any CPU
		{0CDFA6E0-4D6D-42AB-870D-71AAEE199CA6}.azurefinal|Any CPU.ActiveCfg = Debug|Any CPU
		{0CDFA6E0-4D6D-42AB-870D-71AAEE199CA6}.azurefinal|Any CPU.Build.0 = Debug|Any CPU
		{0CDFA6E0-4D6D-42AB-870D-71AAEE199CA6}.azureworking|Any CPU.ActiveCfg = Debug|Any CPU
		{0CDFA6E0-4D6D-42AB-870D-71AAEE199CA6}.azureworking|Any CPU.Build.0 = Debug|Any CPU
		{0CDFA6E0-4D6D-42AB-870D-71AAEE199CA6}.CFPCUAT|Any CPU.ActiveCfg = UAT|Any CPU
		{0CDFA6E0-4D6D-42AB-870D-71AAEE199CA6}.CFPCUAT|Any CPU.Build.0 = UAT|Any CPU
		{0CDFA6E0-4D6D-42AB-870D-71AAEE199CA6}.Debug|Any CPU.ActiveCfg = Debug|Any CPU
		{0CDFA6E0-4D6D-42AB-870D-71AAEE199CA6}.Debug|Any CPU.Build.0 = Debug|Any CPU
		{0CDFA6E0-4D6D-42AB-870D-71AAEE199CA6}.DEV|Any CPU.ActiveCfg = DEV|Any CPU
		{0CDFA6E0-4D6D-42AB-870D-71AAEE199CA6}.DEV|Any CPU.Build.0 = DEV|Any CPU
		{0CDFA6E0-4D6D-42AB-870D-71AAEE199CA6}.HOTFIX|Any CPU.ActiveCfg = Release|Any CPU
		{0CDFA6E0-4D6D-42AB-870D-71AAEE199CA6}.HOTFIX|Any CPU.Build.0 = Release|Any CPU
		{0CDFA6E0-4D6D-42AB-870D-71AAEE199CA6}.NewUAT|Any CPU.ActiveCfg = NewUAT|Any CPU
		{0CDFA6E0-4D6D-42AB-870D-71AAEE199CA6}.NewUAT|Any CPU.Build.0 = NewUAT|Any CPU
		{0CDFA6E0-4D6D-42AB-870D-71AAEE199CA6}.Perf|Any CPU.ActiveCfg = ProdWorking|Any CPU
		{0CDFA6E0-4D6D-42AB-870D-71AAEE199CA6}.Perf|Any CPU.Build.0 = ProdWorking|Any CPU
		{0CDFA6E0-4D6D-42AB-870D-71AAEE199CA6}.Prod|Any CPU.ActiveCfg = Prod|Any CPU
		{0CDFA6E0-4D6D-42AB-870D-71AAEE199CA6}.Prod|Any CPU.Build.0 = Prod|Any CPU
		{0CDFA6E0-4D6D-42AB-870D-71AAEE199CA6}.ProdWorking|Any CPU.ActiveCfg = ProdWorking|Any CPU
		{0CDFA6E0-4D6D-42AB-870D-71AAEE199CA6}.ProdWorking|Any CPU.Build.0 = ProdWorking|Any CPU
		{0CDFA6E0-4D6D-42AB-870D-71AAEE199CA6}.QA|Any CPU.ActiveCfg = QA|Any CPU
		{0CDFA6E0-4D6D-42AB-870D-71AAEE199CA6}.QA|Any CPU.Build.0 = QA|Any CPU
		{0CDFA6E0-4D6D-42AB-870D-71AAEE199CA6}.Release|Any CPU.ActiveCfg = Release|Any CPU
		{0CDFA6E0-4D6D-42AB-870D-71AAEE199CA6}.Release|Any CPU.Build.0 = Release|Any CPU
		{0CDFA6E0-4D6D-42AB-870D-71AAEE199CA6}.TA|Any CPU.ActiveCfg = Debug|Any CPU
		{0CDFA6E0-4D6D-42AB-870D-71AAEE199CA6}.TA|Any CPU.Build.0 = Debug|Any CPU
		{0CDFA6E0-4D6D-42AB-870D-71AAEE199CA6}.UAT|Any CPU.ActiveCfg = UAT|Any CPU
		{0CDFA6E0-4D6D-42AB-870D-71AAEE199CA6}.UAT|Any CPU.Build.0 = UAT|Any CPU
		{0CDFA6E0-4D6D-42AB-870D-71AAEE199CA6}.UATWorking|Any CPU.ActiveCfg = UAT|Any CPU
		{0CDFA6E0-4D6D-42AB-870D-71AAEE199CA6}.UATWorking|Any CPU.Build.0 = UAT|Any CPU
		{0CDFA6E0-4D6D-42AB-870D-71AAEE199CA6}.UPDATE|Any CPU.ActiveCfg = UAT|Any CPU
		{0CDFA6E0-4D6D-42AB-870D-71AAEE199CA6}.UPDATE|Any CPU.Build.0 = UAT|Any CPU
		{21632F4E-F213-48B0-A65B-0C8D4656FCA3}.AT|Any CPU.ActiveCfg = UAT|Any CPU
		{21632F4E-F213-48B0-A65B-0C8D4656FCA3}.AT|Any CPU.Build.0 = UAT|Any CPU
		{21632F4E-F213-48B0-A65B-0C8D4656FCA3}.azurefinal|Any CPU.ActiveCfg = Debug|Any CPU
		{21632F4E-F213-48B0-A65B-0C8D4656FCA3}.azurefinal|Any CPU.Build.0 = Debug|Any CPU
		{21632F4E-F213-48B0-A65B-0C8D4656FCA3}.azureworking|Any CPU.ActiveCfg = Debug|Any CPU
		{21632F4E-F213-48B0-A65B-0C8D4656FCA3}.azureworking|Any CPU.Build.0 = Debug|Any CPU
		{21632F4E-F213-48B0-A65B-0C8D4656FCA3}.CFPCUAT|Any CPU.ActiveCfg = UAT|Any CPU
		{21632F4E-F213-48B0-A65B-0C8D4656FCA3}.CFPCUAT|Any CPU.Build.0 = UAT|Any CPU
		{21632F4E-F213-48B0-A65B-0C8D4656FCA3}.Debug|Any CPU.ActiveCfg = Debug|Any CPU
		{21632F4E-F213-48B0-A65B-0C8D4656FCA3}.Debug|Any CPU.Build.0 = Debug|Any CPU
		{21632F4E-F213-48B0-A65B-0C8D4656FCA3}.DEV|Any CPU.ActiveCfg = DEV|Any CPU
		{21632F4E-F213-48B0-A65B-0C8D4656FCA3}.DEV|Any CPU.Build.0 = DEV|Any CPU
		{21632F4E-F213-48B0-A65B-0C8D4656FCA3}.HOTFIX|Any CPU.ActiveCfg = Release|Any CPU
		{21632F4E-F213-48B0-A65B-0C8D4656FCA3}.HOTFIX|Any CPU.Build.0 = Release|Any CPU
		{21632F4E-F213-48B0-A65B-0C8D4656FCA3}.NewUAT|Any CPU.ActiveCfg = NewUAT|Any CPU
		{21632F4E-F213-48B0-A65B-0C8D4656FCA3}.NewUAT|Any CPU.Build.0 = NewUAT|Any CPU
		{21632F4E-F213-48B0-A65B-0C8D4656FCA3}.Perf|Any CPU.ActiveCfg = ProdWorking|Any CPU
		{21632F4E-F213-48B0-A65B-0C8D4656FCA3}.Perf|Any CPU.Build.0 = ProdWorking|Any CPU
		{21632F4E-F213-48B0-A65B-0C8D4656FCA3}.Prod|Any CPU.ActiveCfg = Prod|Any CPU
		{21632F4E-F213-48B0-A65B-0C8D4656FCA3}.Prod|Any CPU.Build.0 = Prod|Any CPU
		{21632F4E-F213-48B0-A65B-0C8D4656FCA3}.ProdWorking|Any CPU.ActiveCfg = ProdWorking|Any CPU
		{21632F4E-F213-48B0-A65B-0C8D4656FCA3}.ProdWorking|Any CPU.Build.0 = ProdWorking|Any CPU
		{21632F4E-F213-48B0-A65B-0C8D4656FCA3}.QA|Any CPU.ActiveCfg = QA|Any CPU
		{21632F4E-F213-48B0-A65B-0C8D4656FCA3}.QA|Any CPU.Build.0 = QA|Any CPU
		{21632F4E-F213-48B0-A65B-0C8D4656FCA3}.Release|Any CPU.ActiveCfg = Release|Any CPU
		{21632F4E-F213-48B0-A65B-0C8D4656FCA3}.Release|Any CPU.Build.0 = Release|Any CPU
		{21632F4E-F213-48B0-A65B-0C8D4656FCA3}.TA|Any CPU.ActiveCfg = Debug|Any CPU
		{21632F4E-F213-48B0-A65B-0C8D4656FCA3}.TA|Any CPU.Build.0 = Debug|Any CPU
		{21632F4E-F213-48B0-A65B-0C8D4656FCA3}.UAT|Any CPU.ActiveCfg = UAT|Any CPU
		{21632F4E-F213-48B0-A65B-0C8D4656FCA3}.UAT|Any CPU.Build.0 = UAT|Any CPU
		{21632F4E-F213-48B0-A65B-0C8D4656FCA3}.UATWorking|Any CPU.ActiveCfg = UAT|Any CPU
		{21632F4E-F213-48B0-A65B-0C8D4656FCA3}.UATWorking|Any CPU.Build.0 = UAT|Any CPU
		{21632F4E-F213-48B0-A65B-0C8D4656FCA3}.UPDATE|Any CPU.ActiveCfg = UAT|Any CPU
		{21632F4E-F213-48B0-A65B-0C8D4656FCA3}.UPDATE|Any CPU.Build.0 = UAT|Any CPU
		{4F775DD8-72C9-482B-BC63-5D9329F2939E}.AT|Any CPU.ActiveCfg = UAT|Any CPU
		{4F775DD8-72C9-482B-BC63-5D9329F2939E}.AT|Any CPU.Build.0 = UAT|Any CPU
		{4F775DD8-72C9-482B-BC63-5D9329F2939E}.azurefinal|Any CPU.ActiveCfg = azurefinal|Any CPU
		{4F775DD8-72C9-482B-BC63-5D9329F2939E}.azurefinal|Any CPU.Build.0 = azurefinal|Any CPU
		{4F775DD8-72C9-482B-BC63-5D9329F2939E}.azureworking|Any CPU.ActiveCfg = azureworking|Any CPU
		{4F775DD8-72C9-482B-BC63-5D9329F2939E}.azureworking|Any CPU.Build.0 = azureworking|Any CPU
		{4F775DD8-72C9-482B-BC63-5D9329F2939E}.CFPCUAT|Any CPU.ActiveCfg = UAT|Any CPU
		{4F775DD8-72C9-482B-BC63-5D9329F2939E}.CFPCUAT|Any CPU.Build.0 = UAT|Any CPU
		{4F775DD8-72C9-482B-BC63-5D9329F2939E}.Debug|Any CPU.ActiveCfg = Debug|Any CPU
		{4F775DD8-72C9-482B-BC63-5D9329F2939E}.Debug|Any CPU.Build.0 = Debug|Any CPU
		{4F775DD8-72C9-482B-BC63-5D9329F2939E}.DEV|Any CPU.ActiveCfg = DEV|Any CPU
		{4F775DD8-72C9-482B-BC63-5D9329F2939E}.DEV|Any CPU.Build.0 = DEV|Any CPU
		{4F775DD8-72C9-482B-BC63-5D9329F2939E}.HOTFIX|Any CPU.ActiveCfg = Debug|Any CPU
		{4F775DD8-72C9-482B-BC63-5D9329F2939E}.HOTFIX|Any CPU.Build.0 = Debug|Any CPU
		{4F775DD8-72C9-482B-BC63-5D9329F2939E}.NewUAT|Any CPU.ActiveCfg = UAT|Any CPU
		{4F775DD8-72C9-482B-BC63-5D9329F2939E}.NewUAT|Any CPU.Build.0 = UAT|Any CPU
		{4F775DD8-72C9-482B-BC63-5D9329F2939E}.Perf|Any CPU.ActiveCfg = Prod|Any CPU
		{4F775DD8-72C9-482B-BC63-5D9329F2939E}.Perf|Any CPU.Build.0 = Prod|Any CPU
		{4F775DD8-72C9-482B-BC63-5D9329F2939E}.Prod|Any CPU.ActiveCfg = Prod|Any CPU
		{4F775DD8-72C9-482B-BC63-5D9329F2939E}.Prod|Any CPU.Build.0 = Prod|Any CPU
		{4F775DD8-72C9-482B-BC63-5D9329F2939E}.ProdWorking|Any CPU.ActiveCfg = ProdWorking|Any CPU
		{4F775DD8-72C9-482B-BC63-5D9329F2939E}.ProdWorking|Any CPU.Build.0 = ProdWorking|Any CPU
		{4F775DD8-72C9-482B-BC63-5D9329F2939E}.QA|Any CPU.ActiveCfg = QA|Any CPU
		{4F775DD8-72C9-482B-BC63-5D9329F2939E}.QA|Any CPU.Build.0 = QA|Any CPU
		{4F775DD8-72C9-482B-BC63-5D9329F2939E}.Release|Any CPU.ActiveCfg = Release|Any CPU
		{4F775DD8-72C9-482B-BC63-5D9329F2939E}.Release|Any CPU.Build.0 = Release|Any CPU
		{4F775DD8-72C9-482B-BC63-5D9329F2939E}.TA|Any CPU.ActiveCfg = Debug|Any CPU
		{4F775DD8-72C9-482B-BC63-5D9329F2939E}.TA|Any CPU.Build.0 = Debug|Any CPU
		{4F775DD8-72C9-482B-BC63-5D9329F2939E}.UAT|Any CPU.ActiveCfg = UAT|Any CPU
		{4F775DD8-72C9-482B-BC63-5D9329F2939E}.UAT|Any CPU.Build.0 = UAT|Any CPU
		{4F775DD8-72C9-482B-BC63-5D9329F2939E}.UATWorking|Any CPU.ActiveCfg = UAT|Any CPU
		{4F775DD8-72C9-482B-BC63-5D9329F2939E}.UATWorking|Any CPU.Build.0 = UAT|Any CPU
		{4F775DD8-72C9-482B-BC63-5D9329F2939E}.UPDATE|Any CPU.ActiveCfg = UAT|Any CPU
		{4F775DD8-72C9-482B-BC63-5D9329F2939E}.UPDATE|Any CPU.Build.0 = UAT|Any CPU
		{00B0C447-9CDA-40A1-95BF-6D31AACC5055}.AT|Any CPU.ActiveCfg = UAT|Any CPU
		{00B0C447-9CDA-40A1-95BF-6D31AACC5055}.AT|Any CPU.Build.0 = UAT|Any CPU
		{00B0C447-9CDA-40A1-95BF-6D31AACC5055}.azurefinal|Any CPU.ActiveCfg = azurefinal|Any CPU
		{00B0C447-9CDA-40A1-95BF-6D31AACC5055}.azurefinal|Any CPU.Build.0 = azurefinal|Any CPU
		{00B0C447-9CDA-40A1-95BF-6D31AACC5055}.azureworking|Any CPU.ActiveCfg = azureworking|Any CPU
		{00B0C447-9CDA-40A1-95BF-6D31AACC5055}.azureworking|Any CPU.Build.0 = azureworking|Any CPU
		{00B0C447-9CDA-40A1-95BF-6D31AACC5055}.CFPCUAT|Any CPU.ActiveCfg = UAT|Any CPU
		{00B0C447-9CDA-40A1-95BF-6D31AACC5055}.CFPCUAT|Any CPU.Build.0 = UAT|Any CPU
		{00B0C447-9CDA-40A1-95BF-6D31AACC5055}.Debug|Any CPU.ActiveCfg = Debug|Any CPU
		{00B0C447-9CDA-40A1-95BF-6D31AACC5055}.Debug|Any CPU.Build.0 = Debug|Any CPU
		{00B0C447-9CDA-40A1-95BF-6D31AACC5055}.DEV|Any CPU.ActiveCfg = DEV|Any CPU
		{00B0C447-9CDA-40A1-95BF-6D31AACC5055}.DEV|Any CPU.Build.0 = DEV|Any CPU
		{00B0C447-9CDA-40A1-95BF-6D31AACC5055}.HOTFIX|Any CPU.ActiveCfg = Debug|Any CPU
		{00B0C447-9CDA-40A1-95BF-6D31AACC5055}.HOTFIX|Any CPU.Build.0 = Debug|Any CPU
		{00B0C447-9CDA-40A1-95BF-6D31AACC5055}.NewUAT|Any CPU.ActiveCfg = UAT|Any CPU
		{00B0C447-9CDA-40A1-95BF-6D31AACC5055}.NewUAT|Any CPU.Build.0 = UAT|Any CPU
		{00B0C447-9CDA-40A1-95BF-6D31AACC5055}.Perf|Any CPU.ActiveCfg = Prod|Any CPU
		{00B0C447-9CDA-40A1-95BF-6D31AACC5055}.Perf|Any CPU.Build.0 = Prod|Any CPU
		{00B0C447-9CDA-40A1-95BF-6D31AACC5055}.Prod|Any CPU.ActiveCfg = Prod|Any CPU
		{00B0C447-9CDA-40A1-95BF-6D31AACC5055}.Prod|Any CPU.Build.0 = Prod|Any CPU
		{00B0C447-9CDA-40A1-95BF-6D31AACC5055}.ProdWorking|Any CPU.ActiveCfg = ProdWorking|Any CPU
		{00B0C447-9CDA-40A1-95BF-6D31AACC5055}.ProdWorking|Any CPU.Build.0 = ProdWorking|Any CPU
		{00B0C447-9CDA-40A1-95BF-6D31AACC5055}.QA|Any CPU.ActiveCfg = QA|Any CPU
		{00B0C447-9CDA-40A1-95BF-6D31AACC5055}.QA|Any CPU.Build.0 = QA|Any CPU
		{00B0C447-9CDA-40A1-95BF-6D31AACC5055}.Release|Any CPU.ActiveCfg = Release|Any CPU
		{00B0C447-9CDA-40A1-95BF-6D31AACC5055}.Release|Any CPU.Build.0 = Release|Any CPU
		{00B0C447-9CDA-40A1-95BF-6D31AACC5055}.TA|Any CPU.ActiveCfg = Debug|Any CPU
		{00B0C447-9CDA-40A1-95BF-6D31AACC5055}.TA|Any CPU.Build.0 = Debug|Any CPU
		{00B0C447-9CDA-40A1-95BF-6D31AACC5055}.UAT|Any CPU.ActiveCfg = UAT|Any CPU
		{00B0C447-9CDA-40A1-95BF-6D31AACC5055}.UAT|Any CPU.Build.0 = UAT|Any CPU
		{00B0C447-9CDA-40A1-95BF-6D31AACC5055}.UATWorking|Any CPU.ActiveCfg = UAT|Any CPU
		{00B0C447-9CDA-40A1-95BF-6D31AACC5055}.UATWorking|Any CPU.Build.0 = UAT|Any CPU
		{00B0C447-9CDA-40A1-95BF-6D31AACC5055}.UPDATE|Any CPU.ActiveCfg = UAT|Any CPU
		{00B0C447-9CDA-40A1-95BF-6D31AACC5055}.UPDATE|Any CPU.Build.0 = UAT|Any CPU
	EndGlobalSection
	GlobalSection(SolutionProperties) = preSolution
		HideSolutionNode = FALSE
	EndGlobalSection
	GlobalSection(NestedProjects) = preSolution
		{8342B390-559F-4EF7-89F0-B58E65743D50} = {86FFB663-128E-48D0-8E34-EF31C52E453B}
		{D99CE4A6-2C9F-40F4-B3B1-B553D53BAE86} = {86FFB663-128E-48D0-8E34-EF31C52E453B}
		{078BDC03-32C3-4981-90B6-0FD902579294} = {86FFB663-128E-48D0-8E34-EF31C52E453B}
		{32171605-28D7-4A1D-8E95-0A308263B084} = {32785B60-C32B-4759-8373-9F582D8F1910}
		{0CA3E375-6A8F-4445-AAD2-4A7235EA1263} = {32785B60-C32B-4759-8373-9F582D8F1910}
		{6F862ACE-B09A-4670-BE6A-3789DB10E6BA} = {590E989D-589A-4D20-87E1-9AF02553389E}
		{58493A74-C2E8-4C95-BE58-B3FE5B472C24} = {590E989D-589A-4D20-87E1-9AF02553389E}
		{0CDFA6E0-4D6D-42AB-870D-71AAEE199CA6} = {262CFBAE-F34E-4EB3-8230-E1B330871000}
		{21632F4E-F213-48B0-A65B-0C8D4656FCA3} = {262CFBAE-F34E-4EB3-8230-E1B330871000}
		{4F775DD8-72C9-482B-BC63-5D9329F2939E} = {6E9858FE-8C7D-4AC5-96ED-15DB33063DDB}
		{00B0C447-9CDA-40A1-95BF-6D31AACC5055} = {6E9858FE-8C7D-4AC5-96ED-15DB33063DDB}
	EndGlobalSection
	GlobalSection(ExtensibilityGlobals) = postSolution
		SolutionGuid = {CDFCC899-9C4E-4BCC-9760-AB26C5E03798}
	EndGlobalSection
EndGlobal
